
Microsoft Visual Studio Solution File, Format Version 12.00
# Visual Studio Version 17

VisualStudioVersion = 17.9.34728.123
MinimumVisualStudioVersion = 10.0.40219.1

Project("{2150E333-8FDC-42A3-9474-1A3956D46DE8}") = "Applications", "Applications", "{E4CCF069-9072-4D74-B000-2D2ABB660090}"
EndProject
Project("{2150E333-8FDC-42A3-9474-1A3956D46DE8}") = "OS", "OS", "{E4CCF069-9072-4D74-B000-2D2ABB660091}"
EndProject
Project("{9A19103F-16F7-4668-BE54-9A1E7A4F7556}") = "K9.OS.KeepAlive", "Applications\K9.OS.KeepAlive\K9.OS.KeepAlive.csproj", "{8BE7026A-5BDB-4E99-A21B-808FABB7BDDB}"
EndProject
Project("{FAE04EC0-301F-11D3-BF4B-00C04F79EFBC}") = "K9.OS.FileReplacer", "Applications\K9.OS.FileReplacer\K9.OS.FileReplacer.csproj", "{AE0A613D-F669-4962-9B32-ED94F94DA2A7}"
EndProject
Project("{FAE04EC0-301F-11D3-BF4B-00C04F79EFBC}") = "K9.OS.ScreenResolution", "Applications\K9.OS.ScreenResolution\K9.OS.ScreenResolution.csproj", "{017D95FC-4A2E-43A6-BD1A-C954B54D8391}"
EndProject
Project("{FAE04EC0-301F-11D3-BF4B-00C04F79EFBC}") = "K9.OS.CleanFolder", "Applications\K9.OS.CleanFolder\K9.OS.CleanFolder.csproj", "{F15ED696-40E4-444B-AFE0-4DE4231DB25C}"
EndProject
Project("{FAE04EC0-301F-11D3-BF4B-00C04F79EFBC}") = "K9.OS.CopyFile", "Applications\K9.OS.CopyFile\K9.OS.CopyFile.csproj", "{635FA145-13B8-4D7E-B983-0E801D184F3E}"
EndProject
Project("{FAE04EC0-301F-11D3-BF4B-00C04F79EFBC}") = "K9.OS.CopyFolder", "Applications\K9.OS.CopyFolder\K9.OS.CopyFolder.csproj", "{E24CBB8D-AD34-4FA3-B33A-56EF15DE52A5}"
EndProject
Project("{FAE04EC0-301F-11D3-BF4B-00C04F79EFBC}") = "K9.OS.CreateArtifact", "Applications\K9.OS.CreateArtifact\K9.OS.CreateArtifact.csproj", "{E96EEB6D-CB36-4C04-B459-80F69AE3D49D}"
EndProject
Project("{FAE04EC0-301F-11D3-BF4B-00C04F79EFBC}") = "K9.OS.DeleteFile", "Applications\K9.OS.DeleteFile\K9.OS.DeleteFile.csproj", "{955FF22D-CA72-4E57-ACE0-A0773617DC32}"
EndProject
Project("{FAE04EC0-301F-11D3-BF4B-00C04F79EFBC}") = "K9.OS.DeleteFolder", "Applications\K9.OS.DeleteFolder\K9.OS.DeleteFolder.csproj", "{325E3036-3D1F-4D44-B8A2-7A4A38F0305E}"
EndProject
Project("{FAE04EC0-301F-11D3-BF4B-00C04F79EFBC}") = "K9.OS.ExtractArtifact", "Applications\K9.OS.ExtractArtifact\K9.OS.ExtractArtifact.csproj", "{FE63A199-8D55-4D52-AD9A-BCDDBB814644}"
EndProject
Project("{FAE04EC0-301F-11D3-BF4B-00C04F79EFBC}") = "K9.OS.NetMap", "Applications\K9.OS.NetMap\K9.OS.NetMap.csproj", "{E787D064-CAAB-44A2-9B79-C16881D6D211}"
EndProject
Project("{FAE04EC0-301F-11D3-BF4B-00C04F79EFBC}") = "K9.OS.SetEnvironmentVariable", "Applications\K9.OS.SetEnvironmentVariable\K9.OS.SetEnvironmentVariable.csproj", "{C786ED1B-57FD-47CD-92F3-28EB697AACA3}"
EndProject
Project("{FAE04EC0-301F-11D3-BF4B-00C04F79EFBC}") = "K9.OS.Wrapper", "Applications\K9.OS.Wrapper\K9.OS.Wrapper.csproj", "{75AD942F-4E95-4584-8019-E85CD2B54C18}"
EndProject
Project("{FAE04EC0-301F-11D3-BF4B-00C04F79EFBC}") = "K9.OS.WriteFile", "Applications\K9.OS.WriteFile\K9.OS.WriteFile.csproj", "{AA14344C-47FD-4077-A63F-FE9CDC36E33D}"
EndProject
Project("{2150E333-8FDC-42A3-9474-1A3956D46DE8}") = "Publish", "Publish", "{E4CCF069-9072-4D74-B000-2D2ABB660092}"
EndProject
Project("{FAE04EC0-301F-11D3-BF4B-00C04F79EFBC}") = "K9.Publish.SteamToken", "Applications\K9.Publish.SteamToken\K9.Publish.SteamToken.csproj", "{8509E9D9-A5CA-4A55-B1E5-64E602DEC8F4}"
EndProject
Project("{2150E333-8FDC-42A3-9474-1A3956D46DE8}") = "Test", "Test", "{E4CCF069-9072-4D74-B000-2D2ABB660094}"
EndProject
Project("{2150E333-8FDC-42A3-9474-1A3956D46DE8}") = "Unreal", "Unreal", "{E4CCF069-9072-4D74-B000-2D2ABB660096}"
EndProject
Project("{FAE04EC0-301F-11D3-BF4B-00C04F79EFBC}") = "K9.Unreal.PerforceTypes", "Applications\K9.Unreal.PerforceTypes\K9.Unreal.PerforceTypes.csproj", "{254F8EE5-1B23-4735-AB5C-E242497430F0}"
EndProject
Project("{FAE04EC0-301F-11D3-BF4B-00C04F79EFBC}") = "K9.Unreal.ToNUnit", "Applications\K9.Unreal.ToNUnit\K9.Unreal.ToNUnit.csproj", "{B34DF112-3516-42DA-AABC-9DDAAE6CA918}"
EndProject
Project("{2150E333-8FDC-42A3-9474-1A3956D46DE8}") = "Workspace", "Workspace", "{E4CCF069-9072-4D74-B000-2D2ABB660097}"
EndProject
Project("{9A19103F-16F7-4668-BE54-9A1E7A4F7556}") = "K9.Workspace.Bootstrap", "Applications\K9.Workspace.Bootstrap\K9.Workspace.Bootstrap.csproj", "{E23B4740-A5BA-46F1-9D98-90D766D55624}"
EndProject
Project("{9A19103F-16F7-4668-BE54-9A1E7A4F7556}") = "K9.Workspace.Setup", "Applications\K9.Workspace.Setup\K9.Workspace.Setup.csproj", "{A1D68E21-DD4A-49E5-98F4-C9348EF57110}"
EndProject
Project("{9A19103F-16F7-4668-BE54-9A1E7A4F7556}") = "K9.Workspace.Reset", "Applications\K9.Workspace.Reset\K9.Workspace.Reset.csproj", "{13787904-BC4A-41D4-A3DA-5A3320BE35C4}"
EndProject
Project("{9A19103F-16F7-4668-BE54-9A1E7A4F7556}") = "K9", "Applications\K9\K9.csproj", "{E6472C97-8C06-41D5-8C9B-3C14EA57DB3B}"
EndProject

Project("{2150E333-8FDC-42A3-9474-1A3956D46DE8}") = "Misc", "Misc", "{10E21594-D392-4088-A6B0-E49331480996}"
	ProjectSection(SolutionItems) = preProject
		.editorconfig = .editorconfig
		.gitignore = .gitignore
		LICENSE = LICENSE
		README.md = README.md
	EndProjectSection
EndProject


# Shared Projects (20B9897A-8522-4606-8A3D-D7EF3C3521B2)

Project("{2150E333-8FDC-42A3-9474-1A3956D46DE8}") = "Shared", "Shared", "{20B9897A-8522-4606-8A3D-D7EF3C3521B2}"
EndProject
Project("{9A19103F-16F7-4668-BE54-9A1E7A4F7556}") = "K9.Core", "Shared\K9.Core\K9.Core.csproj", "{5A67521B-3EBD-4908-B64C-D73A6D14C99E}"
EndProject
Project("{9A19103F-16F7-4668-BE54-9A1E7A4F7556}") = "K9.Services.Perforce", "Shared\K9.Services.Perforce\K9.Services.Perforce.csproj", "{B42CD516-2CD8-4732-B19A-99C13193DE02}"
EndProject
Project("{9A19103F-16F7-4668-BE54-9A1E7A4F7556}") = "K9.Services.Git", "Shared\K9.Services.Git\K9.Services.Git.csproj", "{FDBCFC04-F965-4C88-AF64-F078788DF4EB}"
EndProject
Project("{9A19103F-16F7-4668-BE54-9A1E7A4F7556}") = "K9.Unreal", "Shared\K9.Unreal\K9.Unreal.csproj", "{FDBCFC04-F964-4C88-AF64-F078788DF4ED}"
EndProject
Project("{FAE04EC0-301F-11D3-BF4B-00C04F79EFBC}") = "K9.Generator.GitInfo", "Shared\K9.Generator.GitInfo\K9.Generator.GitInfo.csproj", "{B00B3950-FAC9-43BF-B5EC-A0D9E03EBA21}"
EndProject
Project("{2150E333-8FDC-42A3-9474-1A3956D46DE8}") = "TBD", "TBD", "{4C8AF07F-8C0D-4B16-B08D-66E1D6A2B6A0}"
EndProject
Project("{FAE04EC0-301F-11D3-BF4B-00C04F79EFBC}") = "K9.Test.CompareImage", "Applications\K9.Test.CompareImage\K9.Test.CompareImage.csproj", "{ED654BF3-60C8-487A-973C-938AE4165F4D}"
EndProject


Global
	GlobalSection(SolutionConfigurationPlatforms) = preSolution
		Debug|Any CPU = Debug|Any CPU
		Release|Any CPU = Release|Any CPU
		Workspace|Any CPU = Workspace|Any CPU
	EndGlobalSection
	GlobalSection(ProjectConfigurationPlatforms) = postSolution
		{A1D68E21-DD4A-49E5-98F4-C9348EF57110}.Debug|Any CPU.ActiveCfg = Debug|Any CPU
		{A1D68E21-DD4A-49E5-98F4-C9348EF57110}.Debug|Any CPU.Build.0 = Debug|Any CPU
		{A1D68E21-DD4A-49E5-98F4-C9348EF57110}.Release|Any CPU.ActiveCfg = Release|Any CPU
		{A1D68E21-DD4A-49E5-98F4-C9348EF57110}.Release|Any CPU.Build.0 = Release|Any CPU
		{A1D68E21-DD4A-49E5-98F4-C9348EF57110}.Workspace|Any CPU.ActiveCfg = Workspace|Any CPU
		{A1D68E21-DD4A-49E5-98F4-C9348EF57110}.Workspace|Any CPU.Build.0 = Workspace|Any CPU
		{5A67521B-3EBD-4908-B64C-D73A6D14C99E}.Debug|Any CPU.ActiveCfg = Debug|Any CPU
		{5A67521B-3EBD-4908-B64C-D73A6D14C99E}.Debug|Any CPU.Build.0 = Debug|Any CPU
		{5A67521B-3EBD-4908-B64C-D73A6D14C99E}.Release|Any CPU.ActiveCfg = Release|Any CPU
		{5A67521B-3EBD-4908-B64C-D73A6D14C99E}.Release|Any CPU.Build.0 = Release|Any CPU
		{5A67521B-3EBD-4908-B64C-D73A6D14C99E}.Workspace|Any CPU.ActiveCfg = Workspace|Any CPU
		{5A67521B-3EBD-4908-B64C-D73A6D14C99E}.Workspace|Any CPU.Build.0 = Workspace|Any CPU
		{FDBCFC04-F964-4C88-AF64-F078788DF4ED}.Debug|Any CPU.ActiveCfg = Debug|Any CPU
		{FDBCFC04-F964-4C88-AF64-F078788DF4ED}.Debug|Any CPU.Build.0 = Debug|Any CPU
		{FDBCFC04-F964-4C88-AF64-F078788DF4ED}.Release|Any CPU.ActiveCfg = Release|Any CPU
		{FDBCFC04-F964-4C88-AF64-F078788DF4ED}.Release|Any CPU.Build.0 = Release|Any CPU
		{FDBCFC04-F964-4C88-AF64-F078788DF4ED}.Workspace|Any CPU.ActiveCfg = Workspace|Any CPU
		{FDBCFC04-F964-4C88-AF64-F078788DF4ED}.Workspace|Any CPU.Build.0 = Workspace|Any CPU
		{B42CD516-2CD8-4732-B19A-99C13193DE02}.Debug|Any CPU.ActiveCfg = Debug|Any CPU
		{B42CD516-2CD8-4732-B19A-99C13193DE02}.Debug|Any CPU.Build.0 = Debug|Any CPU
		{B42CD516-2CD8-4732-B19A-99C13193DE02}.Release|Any CPU.ActiveCfg = Release|Any CPU
		{B42CD516-2CD8-4732-B19A-99C13193DE02}.Release|Any CPU.Build.0 = Release|Any CPU
		{B42CD516-2CD8-4732-B19A-99C13193DE02}.Workspace|Any CPU.ActiveCfg = Workspace|Any CPU
		{B42CD516-2CD8-4732-B19A-99C13193DE02}.Workspace|Any CPU.Build.0 = Workspace|Any CPU
		{FDBCFC04-F965-4C88-AF64-F078788DF4EB}.Debug|Any CPU.ActiveCfg = Debug|Any CPU
		{FDBCFC04-F965-4C88-AF64-F078788DF4EB}.Debug|Any CPU.Build.0 = Debug|Any CPU
		{FDBCFC04-F965-4C88-AF64-F078788DF4EB}.Release|Any CPU.ActiveCfg = Release|Any CPU
		{FDBCFC04-F965-4C88-AF64-F078788DF4EB}.Release|Any CPU.Build.0 = Release|Any CPU
		{FDBCFC04-F965-4C88-AF64-F078788DF4EB}.Workspace|Any CPU.ActiveCfg = Workspace|Any CPU
		{FDBCFC04-F965-4C88-AF64-F078788DF4EB}.Workspace|Any CPU.Build.0 = Workspace|Any CPU
		{E23B4740-A5BA-46F1-9D98-90D766D55624}.Debug|Any CPU.ActiveCfg = Debug|Any CPU
		{E23B4740-A5BA-46F1-9D98-90D766D55624}.Debug|Any CPU.Build.0 = Debug|Any CPU
		{E23B4740-A5BA-46F1-9D98-90D766D55624}.Release|Any CPU.ActiveCfg = Release|Any CPU
		{E23B4740-A5BA-46F1-9D98-90D766D55624}.Release|Any CPU.Build.0 = Release|Any CPU
		{E23B4740-A5BA-46F1-9D98-90D766D55624}.Workspace|Any CPU.ActiveCfg = Workspace|Any CPU
		{E6472C97-8C06-41D5-8C9B-3C14EA57DB3B}.Debug|Any CPU.ActiveCfg = Debug|Any CPU
		{E6472C97-8C06-41D5-8C9B-3C14EA57DB3B}.Debug|Any CPU.Build.0 = Debug|Any CPU
		{E6472C97-8C06-41D5-8C9B-3C14EA57DB3B}.Release|Any CPU.ActiveCfg = Release|Any CPU
		{E6472C97-8C06-41D5-8C9B-3C14EA57DB3B}.Release|Any CPU.Build.0 = Release|Any CPU
		{E6472C97-8C06-41D5-8C9B-3C14EA57DB3B}.Workspace|Any CPU.ActiveCfg = Workspace|Any CPU
		{E6472C97-8C06-41D5-8C9B-3C14EA57DB3B}.Workspace|Any CPU.Build.0 = Workspace|Any CPU
		{8BE7026A-5BDB-4E99-A21B-808FABB7BDDB}.Debug|Any CPU.ActiveCfg = Debug|Any CPU
		{8BE7026A-5BDB-4E99-A21B-808FABB7BDDB}.Debug|Any CPU.Build.0 = Debug|Any CPU
		{8BE7026A-5BDB-4E99-A21B-808FABB7BDDB}.Release|Any CPU.ActiveCfg = Release|Any CPU
		{8BE7026A-5BDB-4E99-A21B-808FABB7BDDB}.Release|Any CPU.Build.0 = Release|Any CPU
		{8BE7026A-5BDB-4E99-A21B-808FABB7BDDB}.Workspace|Any CPU.ActiveCfg = Workspace|Any CPU
		{8BE7026A-5BDB-4E99-A21B-808FABB7BDDB}.Workspace|Any CPU.Build.0 = Workspace|Any CPU
		{13787904-BC4A-41D4-A3DA-5A3320BE35C4}.Debug|Any CPU.ActiveCfg = Debug|Any CPU
		{13787904-BC4A-41D4-A3DA-5A3320BE35C4}.Debug|Any CPU.Build.0 = Debug|Any CPU
		{13787904-BC4A-41D4-A3DA-5A3320BE35C4}.Release|Any CPU.ActiveCfg = Release|Any CPU
		{13787904-BC4A-41D4-A3DA-5A3320BE35C4}.Release|Any CPU.Build.0 = Release|Any CPU
		{13787904-BC4A-41D4-A3DA-5A3320BE35C4}.Workspace|Any CPU.ActiveCfg = Workspace|Any CPU
		{13787904-BC4A-41D4-A3DA-5A3320BE35C4}.Workspace|Any CPU.Build.0 = Workspace|Any CPU
		{254F8EE5-1B23-4735-AB5C-E242497430F0}.Debug|Any CPU.ActiveCfg = Debug|Any CPU
		{254F8EE5-1B23-4735-AB5C-E242497430F0}.Debug|Any CPU.Build.0 = Debug|Any CPU
		{254F8EE5-1B23-4735-AB5C-E242497430F0}.Release|Any CPU.ActiveCfg = Release|Any CPU
		{254F8EE5-1B23-4735-AB5C-E242497430F0}.Release|Any CPU.Build.0 = Release|Any CPU
		{254F8EE5-1B23-4735-AB5C-E242497430F0}.Workspace|Any CPU.ActiveCfg = Workspace|Any CPU
		{254F8EE5-1B23-4735-AB5C-E242497430F0}.Workspace|Any CPU.Build.0 = Workspace|Any CPU
		{AE0A613D-F669-4962-9B32-ED94F94DA2A7}.Debug|Any CPU.ActiveCfg = Debug|Any CPU
		{AE0A613D-F669-4962-9B32-ED94F94DA2A7}.Debug|Any CPU.Build.0 = Debug|Any CPU
		{AE0A613D-F669-4962-9B32-ED94F94DA2A7}.Release|Any CPU.ActiveCfg = Release|Any CPU
		{AE0A613D-F669-4962-9B32-ED94F94DA2A7}.Release|Any CPU.Build.0 = Release|Any CPU
		{AE0A613D-F669-4962-9B32-ED94F94DA2A7}.Workspace|Any CPU.ActiveCfg = Workspace|Any CPU
		{AE0A613D-F669-4962-9B32-ED94F94DA2A7}.Workspace|Any CPU.Build.0 = Workspace|Any CPU
		{8509E9D9-A5CA-4A55-B1E5-64E602DEC8F4}.Debug|Any CPU.ActiveCfg = Debug|Any CPU
		{8509E9D9-A5CA-4A55-B1E5-64E602DEC8F4}.Debug|Any CPU.Build.0 = Debug|Any CPU
		{8509E9D9-A5CA-4A55-B1E5-64E602DEC8F4}.Release|Any CPU.ActiveCfg = Release|Any CPU
		{8509E9D9-A5CA-4A55-B1E5-64E602DEC8F4}.Release|Any CPU.Build.0 = Release|Any CPU
		{8509E9D9-A5CA-4A55-B1E5-64E602DEC8F4}.Workspace|Any CPU.ActiveCfg = Workspace|Any CPU
		{8509E9D9-A5CA-4A55-B1E5-64E602DEC8F4}.Workspace|Any CPU.Build.0 = Workspace|Any CPU
		{017D95FC-4A2E-43A6-BD1A-C954B54D8391}.Debug|Any CPU.ActiveCfg = Debug|Any CPU
		{017D95FC-4A2E-43A6-BD1A-C954B54D8391}.Debug|Any CPU.Build.0 = Debug|Any CPU
		{017D95FC-4A2E-43A6-BD1A-C954B54D8391}.Release|Any CPU.ActiveCfg = Release|Any CPU
		{017D95FC-4A2E-43A6-BD1A-C954B54D8391}.Release|Any CPU.Build.0 = Release|Any CPU
		{017D95FC-4A2E-43A6-BD1A-C954B54D8391}.Workspace|Any CPU.ActiveCfg = Workspace|Any CPU
		{017D95FC-4A2E-43A6-BD1A-C954B54D8391}.Workspace|Any CPU.Build.0 = Workspace|Any CPU
		{B00B3950-FAC9-43BF-B5EC-A0D9E03EBA21}.Debug|Any CPU.ActiveCfg = Debug|Any CPU
		{B00B3950-FAC9-43BF-B5EC-A0D9E03EBA21}.Debug|Any CPU.Build.0 = Debug|Any CPU
		{B00B3950-FAC9-43BF-B5EC-A0D9E03EBA21}.Release|Any CPU.ActiveCfg = Release|Any CPU
		{B00B3950-FAC9-43BF-B5EC-A0D9E03EBA21}.Release|Any CPU.Build.0 = Release|Any CPU
		{B00B3950-FAC9-43BF-B5EC-A0D9E03EBA21}.Workspace|Any CPU.ActiveCfg = Debug|Any CPU
		{B00B3950-FAC9-43BF-B5EC-A0D9E03EBA21}.Workspace|Any CPU.Build.0 = Debug|Any CPU
		{B34DF112-3516-42DA-AABC-9DDAAE6CA918}.Debug|Any CPU.ActiveCfg = Debug|Any CPU
		{B34DF112-3516-42DA-AABC-9DDAAE6CA918}.Debug|Any CPU.Build.0 = Debug|Any CPU
		{B34DF112-3516-42DA-AABC-9DDAAE6CA918}.Release|Any CPU.ActiveCfg = Release|Any CPU
		{B34DF112-3516-42DA-AABC-9DDAAE6CA918}.Release|Any CPU.Build.0 = Release|Any CPU
		{B34DF112-3516-42DA-AABC-9DDAAE6CA918}.Workspace|Any CPU.ActiveCfg = Workspace|Any CPU
		{B34DF112-3516-42DA-AABC-9DDAAE6CA918}.Workspace|Any CPU.Build.0 = Workspace|Any CPU
		{F15ED696-40E4-444B-AFE0-4DE4231DB25C}.Debug|Any CPU.ActiveCfg = Debug|Any CPU
		{F15ED696-40E4-444B-AFE0-4DE4231DB25C}.Debug|Any CPU.Build.0 = Debug|Any CPU
		{F15ED696-40E4-444B-AFE0-4DE4231DB25C}.Release|Any CPU.ActiveCfg = Release|Any CPU
		{F15ED696-40E4-444B-AFE0-4DE4231DB25C}.Release|Any CPU.Build.0 = Release|Any CPU
		{F15ED696-40E4-444B-AFE0-4DE4231DB25C}.Workspace|Any CPU.ActiveCfg = Workspace|Any CPU
		{F15ED696-40E4-444B-AFE0-4DE4231DB25C}.Workspace|Any CPU.Build.0 = Workspace|Any CPU
		{635FA145-13B8-4D7E-B983-0E801D184F3E}.Debug|Any CPU.ActiveCfg = Debug|Any CPU
		{635FA145-13B8-4D7E-B983-0E801D184F3E}.Debug|Any CPU.Build.0 = Debug|Any CPU
		{635FA145-13B8-4D7E-B983-0E801D184F3E}.Release|Any CPU.ActiveCfg = Release|Any CPU
		{635FA145-13B8-4D7E-B983-0E801D184F3E}.Release|Any CPU.Build.0 = Release|Any CPU
		{635FA145-13B8-4D7E-B983-0E801D184F3E}.Workspace|Any CPU.ActiveCfg = Workspace|Any CPU
		{635FA145-13B8-4D7E-B983-0E801D184F3E}.Workspace|Any CPU.Build.0 = Workspace|Any CPU
		{E24CBB8D-AD34-4FA3-B33A-56EF15DE52A5}.Debug|Any CPU.ActiveCfg = Debug|Any CPU
		{E24CBB8D-AD34-4FA3-B33A-56EF15DE52A5}.Debug|Any CPU.Build.0 = Debug|Any CPU
		{E24CBB8D-AD34-4FA3-B33A-56EF15DE52A5}.Release|Any CPU.ActiveCfg = Release|Any CPU
		{E24CBB8D-AD34-4FA3-B33A-56EF15DE52A5}.Release|Any CPU.Build.0 = Release|Any CPU
		{E24CBB8D-AD34-4FA3-B33A-56EF15DE52A5}.Workspace|Any CPU.ActiveCfg = Workspace|Any CPU
		{E24CBB8D-AD34-4FA3-B33A-56EF15DE52A5}.Workspace|Any CPU.Build.0 = Workspace|Any CPU
		{E96EEB6D-CB36-4C04-B459-80F69AE3D49D}.Debug|Any CPU.ActiveCfg = Debug|Any CPU
		{E96EEB6D-CB36-4C04-B459-80F69AE3D49D}.Debug|Any CPU.Build.0 = Debug|Any CPU
		{E96EEB6D-CB36-4C04-B459-80F69AE3D49D}.Release|Any CPU.ActiveCfg = Release|Any CPU
		{E96EEB6D-CB36-4C04-B459-80F69AE3D49D}.Release|Any CPU.Build.0 = Release|Any CPU
		{E96EEB6D-CB36-4C04-B459-80F69AE3D49D}.Workspace|Any CPU.ActiveCfg = Workspace|Any CPU
		{E96EEB6D-CB36-4C04-B459-80F69AE3D49D}.Workspace|Any CPU.Build.0 = Workspace|Any CPU
		{955FF22D-CA72-4E57-ACE0-A0773617DC32}.Debug|Any CPU.ActiveCfg = Debug|Any CPU
		{955FF22D-CA72-4E57-ACE0-A0773617DC32}.Debug|Any CPU.Build.0 = Debug|Any CPU
		{955FF22D-CA72-4E57-ACE0-A0773617DC32}.Release|Any CPU.ActiveCfg = Release|Any CPU
		{955FF22D-CA72-4E57-ACE0-A0773617DC32}.Release|Any CPU.Build.0 = Release|Any CPU
		{955FF22D-CA72-4E57-ACE0-A0773617DC32}.Workspace|Any CPU.ActiveCfg = Workspace|Any CPU
		{955FF22D-CA72-4E57-ACE0-A0773617DC32}.Workspace|Any CPU.Build.0 = Workspace|Any CPU
		{325E3036-3D1F-4D44-B8A2-7A4A38F0305E}.Debug|Any CPU.ActiveCfg = Debug|Any CPU
		{325E3036-3D1F-4D44-B8A2-7A4A38F0305E}.Debug|Any CPU.Build.0 = Debug|Any CPU
		{325E3036-3D1F-4D44-B8A2-7A4A38F0305E}.Release|Any CPU.ActiveCfg = Release|Any CPU
		{325E3036-3D1F-4D44-B8A2-7A4A38F0305E}.Release|Any CPU.Build.0 = Release|Any CPU
		{325E3036-3D1F-4D44-B8A2-7A4A38F0305E}.Workspace|Any CPU.ActiveCfg = Workspace|Any CPU
		{325E3036-3D1F-4D44-B8A2-7A4A38F0305E}.Workspace|Any CPU.Build.0 = Workspace|Any CPU
		{FE63A199-8D55-4D52-AD9A-BCDDBB814644}.Debug|Any CPU.ActiveCfg = Debug|Any CPU
		{FE63A199-8D55-4D52-AD9A-BCDDBB814644}.Debug|Any CPU.Build.0 = Debug|Any CPU
		{FE63A199-8D55-4D52-AD9A-BCDDBB814644}.Release|Any CPU.ActiveCfg = Release|Any CPU
		{FE63A199-8D55-4D52-AD9A-BCDDBB814644}.Release|Any CPU.Build.0 = Release|Any CPU
		{FE63A199-8D55-4D52-AD9A-BCDDBB814644}.Workspace|Any CPU.ActiveCfg = Workspace|Any CPU
		{FE63A199-8D55-4D52-AD9A-BCDDBB814644}.Workspace|Any CPU.Build.0 = Workspace|Any CPU
		{E787D064-CAAB-44A2-9B79-C16881D6D211}.Debug|Any CPU.ActiveCfg = Debug|Any CPU
		{E787D064-CAAB-44A2-9B79-C16881D6D211}.Debug|Any CPU.Build.0 = Debug|Any CPU
		{E787D064-CAAB-44A2-9B79-C16881D6D211}.Release|Any CPU.ActiveCfg = Release|Any CPU
		{E787D064-CAAB-44A2-9B79-C16881D6D211}.Release|Any CPU.Build.0 = Release|Any CPU
		{E787D064-CAAB-44A2-9B79-C16881D6D211}.Workspace|Any CPU.ActiveCfg = Workspace|Any CPU
		{E787D064-CAAB-44A2-9B79-C16881D6D211}.Workspace|Any CPU.Build.0 = Workspace|Any CPU
		{C786ED1B-57FD-47CD-92F3-28EB697AACA3}.Debug|Any CPU.ActiveCfg = Debug|Any CPU
		{C786ED1B-57FD-47CD-92F3-28EB697AACA3}.Debug|Any CPU.Build.0 = Debug|Any CPU
		{C786ED1B-57FD-47CD-92F3-28EB697AACA3}.Release|Any CPU.ActiveCfg = Release|Any CPU
		{C786ED1B-57FD-47CD-92F3-28EB697AACA3}.Release|Any CPU.Build.0 = Release|Any CPU
		{C786ED1B-57FD-47CD-92F3-28EB697AACA3}.Workspace|Any CPU.ActiveCfg = Workspace|Any CPU
		{C786ED1B-57FD-47CD-92F3-28EB697AACA3}.Workspace|Any CPU.Build.0 = Workspace|Any CPU
		{75AD942F-4E95-4584-8019-E85CD2B54C18}.Debug|Any CPU.ActiveCfg = Debug|Any CPU
		{75AD942F-4E95-4584-8019-E85CD2B54C18}.Debug|Any CPU.Build.0 = Debug|Any CPU
		{75AD942F-4E95-4584-8019-E85CD2B54C18}.Release|Any CPU.ActiveCfg = Release|Any CPU
		{75AD942F-4E95-4584-8019-E85CD2B54C18}.Release|Any CPU.Build.0 = Release|Any CPU
		{75AD942F-4E95-4584-8019-E85CD2B54C18}.Workspace|Any CPU.ActiveCfg = Workspace|Any CPU
		{75AD942F-4E95-4584-8019-E85CD2B54C18}.Workspace|Any CPU.Build.0 = Workspace|Any CPU
		{AA14344C-47FD-4077-A63F-FE9CDC36E33D}.Debug|Any CPU.ActiveCfg = Debug|Any CPU
		{AA14344C-47FD-4077-A63F-FE9CDC36E33D}.Debug|Any CPU.Build.0 = Debug|Any CPU
		{AA14344C-47FD-4077-A63F-FE9CDC36E33D}.Release|Any CPU.ActiveCfg = Release|Any CPU
		{AA14344C-47FD-4077-A63F-FE9CDC36E33D}.Release|Any CPU.Build.0 = Release|Any CPU
		{AA14344C-47FD-4077-A63F-FE9CDC36E33D}.Workspace|Any CPU.ActiveCfg = Workspace|Any CPU
		{AA14344C-47FD-4077-A63F-FE9CDC36E33D}.Workspace|Any CPU.Build.0 = Workspace|Any CPU
		{ED654BF3-60C8-487A-973C-938AE4165F4D}.Debug|Any CPU.ActiveCfg = Debug|Any CPU
		{ED654BF3-60C8-487A-973C-938AE4165F4D}.Debug|Any CPU.Build.0 = Debug|Any CPU
		{ED654BF3-60C8-487A-973C-938AE4165F4D}.Release|Any CPU.ActiveCfg = Release|Any CPU
		{ED654BF3-60C8-487A-973C-938AE4165F4D}.Release|Any CPU.Build.0 = Release|Any CPU
		{ED654BF3-60C8-487A-973C-938AE4165F4D}.Workspace|Any CPU.ActiveCfg = Workspace|Any CPU
		{ED654BF3-60C8-487A-973C-938AE4165F4D}.Workspace|Any CPU.Build.0 = Workspace|Any CPU
	EndGlobalSection
	GlobalSection(SolutionProperties) = preSolution
		HideSolutionNode = FALSE
	EndGlobalSection
	GlobalSection(NestedProjects) = preSolution
		# Setup NestedProjects Of Applications
		{5A67521B-3EBD-4908-B64C-D73A6D14C99E} = {20B9897A-8522-4606-8A3D-D7EF3C3521B2}
		{B42CD516-2CD8-4732-B19A-99C13193DE02} = {20B9897A-8522-4606-8A3D-D7EF3C3521B2}
		{FDBCFC04-F965-4C88-AF64-F078788DF4EB} = {20B9897A-8522-4606-8A3D-D7EF3C3521B2}
		{FDBCFC04-F964-4C88-AF64-F078788DF4ED} = {20B9897A-8522-4606-8A3D-D7EF3C3521B2}

		# Setup NestedProjects Of Applications
		{E6472C97-8C06-41D5-8C9B-3C14EA57DB3B} = {E4CCF069-9072-4D74-B000-2D2ABB660090}
		{E4CCF069-9072-4D74-B000-2D2ABB660091} = {E4CCF069-9072-4D74-B000-2D2ABB660090}
		{E4CCF069-9072-4D74-B000-2D2ABB660092} = {E4CCF069-9072-4D74-B000-2D2ABB660090}
		{E4CCF069-9072-4D74-B000-2D2ABB660094} = {E4CCF069-9072-4D74-B000-2D2ABB660090}
		{E4CCF069-9072-4D74-B000-2D2ABB660096} = {E4CCF069-9072-4D74-B000-2D2ABB660090}
		{E4CCF069-9072-4D74-B000-2D2ABB660097} = {E4CCF069-9072-4D74-B000-2D2ABB660090}
		
		# Setup NestedProjects Of Workspace
		{E23B4740-A5BA-46F1-9D98-90D766D55624} = {E4CCF069-9072-4D74-B000-2D2ABB660097}
		{A1D68E21-DD4A-49E5-98F4-C9348EF57110} = {E4CCF069-9072-4D74-B000-2D2ABB660097}
		{13787904-BC4A-41D4-A3DA-5A3320BE35C4} = {E4CCF069-9072-4D74-B000-2D2ABB660097}
		
		# Setup NestedProjects Of OS
		{8BE7026A-5BDB-4E99-A21B-808FABB7BDDB} = {E4CCF069-9072-4D74-B000-2D2ABB660091}
		{AE0A613D-F669-4962-9B32-ED94F94DA2A7} = {E4CCF069-9072-4D74-B000-2D2ABB660091}
		{017D95FC-4A2E-43A6-BD1A-C954B54D8391} = {E4CCF069-9072-4D74-B000-2D2ABB660091}


		# Setup NestedProjects Of Publish
		{8509E9D9-A5CA-4A55-B1E5-64E602DEC8F4} = {E4CCF069-9072-4D74-B000-2D2ABB660092}

		
		# Setup NestedProjects Of Unreal
		{254F8EE5-1B23-4735-AB5C-E242497430F0} = {E4CCF069-9072-4D74-B000-2D2ABB660096}
		
		
		{B00B3950-FAC9-43BF-B5EC-A0D9E03EBA21} = {20B9897A-8522-4606-8A3D-D7EF3C3521B2}
		{B34DF112-3516-42DA-AABC-9DDAAE6CA918} = {4C8AF07F-8C0D-4B16-B08D-66E1D6A2B6A0}
		{F15ED696-40E4-444B-AFE0-4DE4231DB25C} = {4C8AF07F-8C0D-4B16-B08D-66E1D6A2B6A0}
		{635FA145-13B8-4D7E-B983-0E801D184F3E} = {4C8AF07F-8C0D-4B16-B08D-66E1D6A2B6A0}
		{E24CBB8D-AD34-4FA3-B33A-56EF15DE52A5} = {4C8AF07F-8C0D-4B16-B08D-66E1D6A2B6A0}
		{E96EEB6D-CB36-4C04-B459-80F69AE3D49D} = {4C8AF07F-8C0D-4B16-B08D-66E1D6A2B6A0}
		{955FF22D-CA72-4E57-ACE0-A0773617DC32} = {4C8AF07F-8C0D-4B16-B08D-66E1D6A2B6A0}
		{325E3036-3D1F-4D44-B8A2-7A4A38F0305E} = {4C8AF07F-8C0D-4B16-B08D-66E1D6A2B6A0}
		{FE63A199-8D55-4D52-AD9A-BCDDBB814644} = {4C8AF07F-8C0D-4B16-B08D-66E1D6A2B6A0}
		{E787D064-CAAB-44A2-9B79-C16881D6D211} = {4C8AF07F-8C0D-4B16-B08D-66E1D6A2B6A0}
		{C786ED1B-57FD-47CD-92F3-28EB697AACA3} = {4C8AF07F-8C0D-4B16-B08D-66E1D6A2B6A0}
		{75AD942F-4E95-4584-8019-E85CD2B54C18} = {4C8AF07F-8C0D-4B16-B08D-66E1D6A2B6A0}
		{AA14344C-47FD-4077-A63F-FE9CDC36E33D} = {4C8AF07F-8C0D-4B16-B08D-66E1D6A2B6A0}
		{ED654BF3-60C8-487A-973C-938AE4165F4D} = {E4CCF069-9072-4D74-B000-2D2ABB660094}
	EndGlobalSection
	GlobalSection(ExtensibilityGlobals) = postSolution
		SolutionGuid = {8F2E7BB1-7BB3-49FB-A9AC-1A9A8DA9B43B}
	EndGlobalSection
EndGlobal
