
Microsoft Visual Studio Solution File, Format Version 12.00
# Visual Studio Version 16
VisualStudioVersion = 16.0.29009.5
MinimumVisualStudioVersion = 10.0.40219.1
Project("{FAE04EC0-301F-11D3-BF4B-00C04F79EFBC}") = "K9.Core", "Projects\K9.Core\K9.Core.csproj", "{E33560BD-62D7-4704-9550-F3C892A3C7E5}"
EndProject
Project("{FAE04EC0-301F-11D3-BF4B-00C04F79EFBC}") = "K9.Setup", "Projects\K9.Setup\K9.Setup.csproj", "{1C06FB83-27C2-4B9C-8414-CAF4006D385A}"
EndProject
Project("{FAE04EC0-301F-11D3-BF4B-00C04F79EFBC}") = "K9.Unity", "Projects\K9.Unity\K9.Unity.csproj", "{81B62776-CDDF-4F80-86CE-575B3164B630}"
EndProject
Project("{FAE04EC0-301F-11D3-BF4B-00C04F79EFBC}") = "K9.Unity.Tests", "Projects\K9.Unity.Tests\K9.Unity.Tests.csproj", "{677BA887-D202-4AFC-B1E6-AF7DCA76DDF8}"
EndProject
Project("{FAE04EC0-301F-11D3-BF4B-00C04F79EFBC}") = "K9.Core.Tests", "Projects\K9.Core.Tests\K9.Core.Tests.csproj", "{7D8C5B72-3A8F-41AE-AB81-BA263F4C06FF}"
EndProject
Project("{FAE04EC0-301F-11D3-BF4B-00C04F79EFBC}") = "K9.Setup.Tests", "Projects\K9.Setup.Tests\K9.Setup.Tests.csproj", "{368F3BB4-8F4E-4EB0-B978-146B7D2E0208}"
EndProject
Project("{FAE04EC0-301F-11D3-BF4B-00C04F79EFBC}") = "K9.Unreal", "Projects\K9.Unreal\K9.Unreal.csproj", "{105BF15B-2592-4434-8988-00975BD99809}"
EndProject
Project("{FAE04EC0-301F-11D3-BF4B-00C04F79EFBC}") = "K9.Unreal.Tests", "Projects\K9.Unreal.Tests\K9.Unreal.Tests.csproj", "{7D0C5430-300A-4F76-845F-D556B8082D0A}"
EndProject
Project("{FAE04EC0-301F-11D3-BF4B-00C04F79EFBC}") = "K9.TeamCity", "Projects\K9.TeamCity\K9.TeamCity.csproj", "{6C56C1C8-C516-421A-B41E-62D483C2BE82}"
EndProject
Project("{FAE04EC0-301F-11D3-BF4B-00C04F79EFBC}") = "K9.TeamCity.Tests", "Projects\K9.TeamCity.Tests\K9.TeamCity.Tests.csproj", "{F4EEF7D5-C515-4BB4-9FF1-2CEFC2248096}"
EndProject
Project("{2150E333-8FDC-42A3-9474-1A3956D46DE8}") = "Tests", "Tests", "{CE103DF0-26E0-42CA-AFAD-2F475E932F28}"
EndProject
Project("{2150E333-8FDC-42A3-9474-1A3956D46DE8}") = "CLI", "CLI", "{2E5AA814-372F-401B-91C2-43E83D2B0935}"
EndProject
Project("{FAE04EC0-301F-11D3-BF4B-00C04F79EFBC}") = "K9.SendSafely", "Projects\K9.SendSafely\K9.SendSafely.csproj", "{AC8B281D-DA18-410C-A4F5-7ECBBA793DDF}"
EndProject
Global
	GlobalSection(SolutionConfigurationPlatforms) = preSolution
		Debug|Any CPU = Debug|Any CPU
		Release|Any CPU = Release|Any CPU
	EndGlobalSection
	GlobalSection(ProjectConfigurationPlatforms) = postSolution
		{E33560BD-62D7-4704-9550-F3C892A3C7E5}.Debug|Any CPU.ActiveCfg = Debug|Any CPU
		{E33560BD-62D7-4704-9550-F3C892A3C7E5}.Debug|Any CPU.Build.0 = Debug|Any CPU
		{E33560BD-62D7-4704-9550-F3C892A3C7E5}.Release|Any CPU.ActiveCfg = Release|Any CPU
		{E33560BD-62D7-4704-9550-F3C892A3C7E5}.Release|Any CPU.Build.0 = Release|Any CPU
		{1C06FB83-27C2-4B9C-8414-CAF4006D385A}.Debug|Any CPU.ActiveCfg = Debug|Any CPU
		{1C06FB83-27C2-4B9C-8414-CAF4006D385A}.Debug|Any CPU.Build.0 = Debug|Any CPU
		{1C06FB83-27C2-4B9C-8414-CAF4006D385A}.Release|Any CPU.ActiveCfg = Release|Any CPU
		{1C06FB83-27C2-4B9C-8414-CAF4006D385A}.Release|Any CPU.Build.0 = Release|Any CPU
		{81B62776-CDDF-4F80-86CE-575B3164B630}.Debug|Any CPU.ActiveCfg = Debug|Any CPU
		{81B62776-CDDF-4F80-86CE-575B3164B630}.Debug|Any CPU.Build.0 = Debug|Any CPU
		{81B62776-CDDF-4F80-86CE-575B3164B630}.Release|Any CPU.ActiveCfg = Release|Any CPU
		{81B62776-CDDF-4F80-86CE-575B3164B630}.Release|Any CPU.Build.0 = Release|Any CPU
		{677BA887-D202-4AFC-B1E6-AF7DCA76DDF8}.Debug|Any CPU.ActiveCfg = Debug|Any CPU
		{677BA887-D202-4AFC-B1E6-AF7DCA76DDF8}.Debug|Any CPU.Build.0 = Debug|Any CPU
		{677BA887-D202-4AFC-B1E6-AF7DCA76DDF8}.Release|Any CPU.ActiveCfg = Release|Any CPU
		{7D8C5B72-3A8F-41AE-AB81-BA263F4C06FF}.Debug|Any CPU.ActiveCfg = Debug|Any CPU
		{7D8C5B72-3A8F-41AE-AB81-BA263F4C06FF}.Debug|Any CPU.Build.0 = Debug|Any CPU
		{7D8C5B72-3A8F-41AE-AB81-BA263F4C06FF}.Release|Any CPU.ActiveCfg = Release|Any CPU
		{368F3BB4-8F4E-4EB0-B978-146B7D2E0208}.Debug|Any CPU.ActiveCfg = Debug|Any CPU
		{368F3BB4-8F4E-4EB0-B978-146B7D2E0208}.Debug|Any CPU.Build.0 = Debug|Any CPU
		{368F3BB4-8F4E-4EB0-B978-146B7D2E0208}.Release|Any CPU.ActiveCfg = Release|Any CPU
		{105BF15B-2592-4434-8988-00975BD99809}.Debug|Any CPU.ActiveCfg = Debug|Any CPU
		{105BF15B-2592-4434-8988-00975BD99809}.Debug|Any CPU.Build.0 = Debug|Any CPU
		{105BF15B-2592-4434-8988-00975BD99809}.Release|Any CPU.ActiveCfg = Release|Any CPU
		{105BF15B-2592-4434-8988-00975BD99809}.Release|Any CPU.Build.0 = Release|Any CPU
		{7D0C5430-300A-4F76-845F-D556B8082D0A}.Debug|Any CPU.ActiveCfg = Debug|Any CPU
		{7D0C5430-300A-4F76-845F-D556B8082D0A}.Debug|Any CPU.Build.0 = Debug|Any CPU
		{7D0C5430-300A-4F76-845F-D556B8082D0A}.Release|Any CPU.ActiveCfg = Release|Any CPU
		{6C56C1C8-C516-421A-B41E-62D483C2BE82}.Debug|Any CPU.ActiveCfg = Debug|Any CPU
		{6C56C1C8-C516-421A-B41E-62D483C2BE82}.Debug|Any CPU.Build.0 = Debug|Any CPU
		{6C56C1C8-C516-421A-B41E-62D483C2BE82}.Release|Any CPU.ActiveCfg = Release|Any CPU
		{6C56C1C8-C516-421A-B41E-62D483C2BE82}.Release|Any CPU.Build.0 = Release|Any CPU
		{F4EEF7D5-C515-4BB4-9FF1-2CEFC2248096}.Debug|Any CPU.ActiveCfg = Debug|Any CPU
		{F4EEF7D5-C515-4BB4-9FF1-2CEFC2248096}.Debug|Any CPU.Build.0 = Debug|Any CPU
		{F4EEF7D5-C515-4BB4-9FF1-2CEFC2248096}.Release|Any CPU.ActiveCfg = Release|Any CPU
		{AC8B281D-DA18-410C-A4F5-7ECBBA793DDF}.Debug|Any CPU.ActiveCfg = Debug|Any CPU
		{AC8B281D-DA18-410C-A4F5-7ECBBA793DDF}.Debug|Any CPU.Build.0 = Debug|Any CPU
		{AC8B281D-DA18-410C-A4F5-7ECBBA793DDF}.Release|Any CPU.ActiveCfg = Release|Any CPU
		{AC8B281D-DA18-410C-A4F5-7ECBBA793DDF}.Release|Any CPU.Build.0 = Release|Any CPU
	EndGlobalSection
	GlobalSection(SolutionProperties) = preSolution
		HideSolutionNode = FALSE
	EndGlobalSection
	GlobalSection(ExtensibilityGlobals) = postSolution
		SolutionGuid = {2D3DB80D-3DDE-4ED5-9730-F9FCED1AF78D}
	EndGlobalSection
	GlobalSection(NestedProjects) = preSolution
		{7D8C5B72-3A8F-41AE-AB81-BA263F4C06FF} = {CE103DF0-26E0-42CA-AFAD-2F475E932F28}
		{368F3BB4-8F4E-4EB0-B978-146B7D2E0208} = {CE103DF0-26E0-42CA-AFAD-2F475E932F28}
		{F4EEF7D5-C515-4BB4-9FF1-2CEFC2248096} = {CE103DF0-26E0-42CA-AFAD-2F475E932F28}
		{677BA887-D202-4AFC-B1E6-AF7DCA76DDF8} = {CE103DF0-26E0-42CA-AFAD-2F475E932F28}
		{7D0C5430-300A-4F76-845F-D556B8082D0A} = {CE103DF0-26E0-42CA-AFAD-2F475E932F28}
		{1C06FB83-27C2-4B9C-8414-CAF4006D385A} = {2E5AA814-372F-401B-91C2-43E83D2B0935}
		{6C56C1C8-C516-421A-B41E-62D483C2BE82} = {2E5AA814-372F-401B-91C2-43E83D2B0935}
		{81B62776-CDDF-4F80-86CE-575B3164B630} = {2E5AA814-372F-401B-91C2-43E83D2B0935}
		{105BF15B-2592-4434-8988-00975BD99809} = {2E5AA814-372F-401B-91C2-43E83D2B0935}
		{AC8B281D-DA18-410C-A4F5-7ECBBA793DDF} = {2E5AA814-372F-401B-91C2-43E83D2B0935}
	EndGlobalSection
EndGlobal
